
Microsoft Visual Studio Solution File, Format Version 12.00
# Visual Studio 2013
VisualStudioVersion = 12.0.30219.0
MinimumVisualStudioVersion = 10.0.40219.1
Project("{FAE04EC0-301F-11D3-BF4B-00C04F79EFBC}") = "Website", "Website\Website.csproj", "{A5AEFB12-1787-4DC0-B952-1CAE7B59FF1A}"
EndProject
Project("{FAE04EC0-301F-11D3-BF4B-00C04F79EFBC}") = "Common", "Model\Common.csproj", "{D49C9DDF-A2A4-42DE-8A71-5CCEF5B81D27}"
EndProject
Project("{FAE04EC0-301F-11D3-BF4B-00C04F79EFBC}") = "WebServices", "WebServices\WebServices.csproj", "{6D840B3D-7B87-4F7C-949C-80FA79428D7F}"
EndProject
Project("{FAE04EC0-301F-11D3-BF4B-00C04F79EFBC}") = "DataAccess", "DataAccess\DataAccess.csproj", "{062F4E26-F85B-4FEA-8D4D-CDE41A954084}"
EndProject
Project("{2150E333-8FDC-42A3-9474-1A3956D46DE8}") = "Solution Items", "Solution Items", "{43F33F7E-8482-4D94-BC3B-4B6347CCF74D}"
	ProjectSection(SolutionItems) = preProject
		.gitignore = .gitignore
	EndProjectSection
EndProject
Global
	GlobalSection(SolutionConfigurationPlatforms) = preSolution
		Debug|Any CPU = Debug|Any CPU
		Release|Any CPU = Release|Any CPU
	EndGlobalSection
	GlobalSection(ProjectConfigurationPlatforms) = postSolution
		{A5AEFB12-1787-4DC0-B952-1CAE7B59FF1A}.Debug|Any CPU.ActiveCfg = Debug|Any CPU
		{A5AEFB12-1787-4DC0-B952-1CAE7B59FF1A}.Debug|Any CPU.Build.0 = Debug|Any CPU
		{A5AEFB12-1787-4DC0-B952-1CAE7B59FF1A}.Release|Any CPU.ActiveCfg = Release|Any CPU
		{A5AEFB12-1787-4DC0-B952-1CAE7B59FF1A}.Release|Any CPU.Build.0 = Release|Any CPU
		{D49C9DDF-A2A4-42DE-8A71-5CCEF5B81D27}.Debug|Any CPU.ActiveCfg = Debug|Any CPU
		{D49C9DDF-A2A4-42DE-8A71-5CCEF5B81D27}.Debug|Any CPU.Build.0 = Debug|Any CPU
		{D49C9DDF-A2A4-42DE-8A71-5CCEF5B81D27}.Release|Any CPU.ActiveCfg = Release|Any CPU
		{D49C9DDF-A2A4-42DE-8A71-5CCEF5B81D27}.Release|Any CPU.Build.0 = Release|Any CPU
		{6D840B3D-7B87-4F7C-949C-80FA79428D7F}.Debug|Any CPU.ActiveCfg = Debug|Any CPU
		{6D840B3D-7B87-4F7C-949C-80FA79428D7F}.Debug|Any CPU.Build.0 = Debug|Any CPU
		{6D840B3D-7B87-4F7C-949C-80FA79428D7F}.Release|Any CPU.ActiveCfg = Release|Any CPU
		{6D840B3D-7B87-4F7C-949C-80FA79428D7F}.Release|Any CPU.Build.0 = Release|Any CPU
		{062F4E26-F85B-4FEA-8D4D-CDE41A954084}.Debug|Any CPU.ActiveCfg = Debug|Any CPU
		{062F4E26-F85B-4FEA-8D4D-CDE41A954084}.Debug|Any CPU.Build.0 = Debug|Any CPU
		{062F4E26-F85B-4FEA-8D4D-CDE41A954084}.Release|Any CPU.ActiveCfg = Release|Any CPU
		{062F4E26-F85B-4FEA-8D4D-CDE41A954084}.Release|Any CPU.Build.0 = Release|Any CPU
	EndGlobalSection
	GlobalSection(SolutionProperties) = preSolution
		HideSolutionNode = FALSE
	EndGlobalSection
EndGlobal
